{
    "_readme": [
        "This file locks the dependencies of your project to a known state",
        "Read more about it at https://getcomposer.org/doc/01-basic-usage.md#composer-lock-the-lock-file",
        "This file is @generated automatically"
    ],
    "hash": "12cb5209255b51e1c0bc3e4bacf622af",
    "content-hash": "d1b1260301bfa8259ed43ec701beec4a",
    "packages": [
        {
            "name": "acf-to-rest-api",
            "version": "2.2.1",
            "dist": {
                "type": "zip",
                "url": "https://github.com/airesvsg/acf-to-rest-api/archive/2.2.1.zip",
                "reference": null,
                "shasum": null
            },
            "require": {
                "composer/installers": "v1.0.6"
            },
            "type": "wordpress-plugin"
        },
        {
            "name": "automattic/batcache",
            "version": "1.2",
            "dist": {
                "type": "zip",
                "url": "https://github.com/Automattic/batcache/archive/master.zip",
                "reference": null,
                "shasum": null
            },
            "require": {
                "composer/installers": "~1.0"
            },
            "type": "wordpress-muplugin"
        },
        {
            "name": "composer/installers",
            "version": "v1.0.6",
            "source": {
                "type": "git",
                "url": "https://github.com/composer/installers.git",
                "reference": "b3bd071ea114a57212c75aa6a2eef5cfe0cc798f"
            },
            "dist": {
                "type": "zip",
                "url": "https://api.github.com/repos/composer/installers/zipball/b3bd071ea114a57212c75aa6a2eef5cfe0cc798f",
                "reference": "b3bd071ea114a57212c75aa6a2eef5cfe0cc798f",
                "shasum": ""
            },
            "replace": {
                "shama/baton": "*"
            },
            "require-dev": {
                "composer/composer": "1.0.*@dev",
                "phpunit/phpunit": "3.7.*"
            },
            "type": "composer-installer",
            "extra": {
                "class": "Composer\\Installers\\Installer",
                "branch-alias": {
                    "dev-master": "1.0-dev"
                }
            },
            "autoload": {
                "psr-0": {
                    "Composer\\Installers\\": "src/"
                }
            },
            "notification-url": "https://packagist.org/downloads/",
            "license": [
                "MIT"
            ],
            "authors": [
                {
                    "name": "Kyle Robinson Young",
                    "email": "kyle@dontkry.com",
                    "homepage": "https://github.com/shama",
                    "role": "Developer"
                }
            ],
            "description": "A multi-framework Composer library installer",
            "homepage": "http://composer.github.com/installers/",
            "keywords": [
                "TYPO3 CMS",
                "TYPO3 Flow",
                "TYPO3 Neos",
                "agl",
                "cakephp",
                "codeigniter",
                "drupal",
                "fuelphp",
                "installer",
                "joomla",
                "kohana",
                "laravel",
                "li3",
                "lithium",
                "mako",
                "modulework",
                "phpbb",
                "ppi",
                "silverstripe",
                "symfony",
                "wordpress",
                "zend"
            ],
            "time": "2013-08-20 04:37:09"
        },
        {
            "name": "fancyguy/webroot-installer",
            "version": "1.0.0",
            "source": {
                "type": "git",
                "url": "https://github.com/fancyguy/webroot-installer.git",
                "reference": "4888a3dad9ab3b3da505a149230be0ec2ab837f4"
            },
            "dist": {
                "type": "zip",
                "url": "https://api.github.com/repos/fancyguy/webroot-installer/zipball/4888a3dad9ab3b3da505a149230be0ec2ab837f4",
                "reference": "4888a3dad9ab3b3da505a149230be0ec2ab837f4",
                "shasum": ""
            },
            "require-dev": {
                "composer/composer": "1.0.*@dev",
                "phpunit/phpunit": "3.7.*"
            },
            "type": "composer-installer",
            "extra": {
                "class": "FancyGuy\\Composer\\WebrootInstaller"
            },
            "autoload": {
                "psr-0": {
                    "FancyGuy\\Composer\\": "src/"
                }
            },
            "notification-url": "https://packagist.org/downloads/",
            "license": [
                "BSD-3-Clause"
            ],
            "authors": [
                {
                    "name": "Steve Buzonas",
                    "email": "steve@fancyguy.com",
                    "homepage": "http://www.stevebuzonas.com"
                }
            ],
            "description": "A composer installer for libraries that live in an application webroot.",
            "homepage": "http://fancyguy.github.com/webroot-installer/",
            "time": "2013-01-29 22:51:45"
        },
        {
            "name": "humanmade/s3-uploads",
            "version": "v2.0.0-beta2",
            "source": {
                "type": "git",
                "url": "https://github.com/humanmade/S3-Uploads.git",
                "reference": "cde95df1abbeea049f79ca6db80b385986ca1a0b"
            },
            "dist": {
                "type": "zip",
                "url": "https://api.github.com/repos/humanmade/S3-Uploads/zipball/cde95df1abbeea049f79ca6db80b385986ca1a0b",
                "reference": "cde95df1abbeea049f79ca6db80b385986ca1a0b",
                "shasum": ""
            },
            "require": {
                "composer/installers": "~1.0"
            },
            "type": "wordpress-plugin",
            "notification-url": "https://packagist.org/downloads/",
            "license": [
                "GPL-2.0+"
            ],
            "authors": [
                {
                    "name": "Human Made Limited",
                    "email": "support@humanmade.co.uk",
                    "homepage": "http://hmn.md/"
                }
            ],
            "description": "WordPress plugin to store uploads on S3",
            "homepage": "https://github.com/humanmade/S3-Uploads",
            "keywords": [
                "wordpress"
            ],
            "time": "2016-08-09 11:31:04"
        },
        {
            "name": "underscores",
            "version": "1.0.0",
            "dist": {
                "type": "zip",
                "url": "https://github.com/Automattic/_s/archive/master.zip",
                "reference": null,
                "shasum": null
            },
            "require": {
                "composer/installers": "v1.0.6"
            },
            "type": "wordpress-theme"
        },
        {
            "name": "wordpress",
            "version": "4.7.2",
            "dist": {
                "type": "zip",
                "url": "https://github.com/WordPress/WordPress/archive/4.7.2.zip",
                "reference": null,
                "shasum": null
            },
            "require": {
                "fancyguy/webroot-installer": "1.0.0"
            },
            "type": "webroot"
        },
        {
            "name": "wp-api/wp-api",
            "version": "2.0-beta13",
            "source": {
                "type": "git",
                "url": "https://github.com/WP-API/WP-API.git",
                "reference": "d0a392c3397960f81cf0bff0db239814c12aa228"
            },
            "dist": {
                "type": "zip",
                "url": "https://api.github.com/repos/WP-API/WP-API/zipball/d0a392c3397960f81cf0bff0db239814c12aa228",
                "reference": "d0a392c3397960f81cf0bff0db239814c12aa228",
                "shasum": ""
            },
            "require": {
                "composer/installers": "~1.0"
            },
            "require-dev": {
                "squizlabs/php_codesniffer": "2.3.4",
                "wp-coding-standards/wpcs": "0.6.0"
            },
            "type": "wordpress-plugin",
            "extra": {
                "installer-name": "json-rest-api"
            },
            "notification-url": "https://packagist.org/downloads/",
            "license": [
                "GPL2+"
            ],
            "authors": [
                {
                    "name": "WP-API Team",
                    "homepage": "http://wp-api.org/"
                }
            ],
            "description": "Access your WordPress site's data through an easy-to-use HTTP REST API.",
            "homepage": "http://wp-api.org/",
            "time": "2016-03-30 00:04:19"
        },
        {
            "name": "wp-premium/advanced-custom-fields-pro",
            "version": "5.3.10",
            "dist": {
                "type": "zip",
                "url": "https://github.com/wp-premium/advanced-custom-fields-pro/archive/5.3.10.zip",
                "reference": null,
                "shasum": null
            },
            "require": {
                "composer/installers": "v1.0.6"
            },
            "type": "wordpress-plugin"
        },
        {
            "name": "wpackagist-plugin/custom-post-type-ui",
            "version": "1.4.1",
            "source": {
                "type": "svn",
                "url": "https://plugins.svn.wordpress.org/custom-post-type-ui/",
                "reference": "tags/1.4.1"
            },
            "dist": {
                "type": "zip",
                "url": "https://downloads.wordpress.org/plugin/custom-post-type-ui.1.4.1.zip",
                "reference": null,
                "shasum": null
            },
            "require": {
                "composer/installers": "~1.0"
            },
            "type": "wordpress-plugin",
            "homepage": "https://wordpress.org/plugins/custom-post-type-ui/"
        },
        {
            "name": "wpackagist-plugin/wordpress-importer",
            "version": "0.6.3",
            "source": {
                "type": "svn",
                "url": "https://plugins.svn.wordpress.org/wordpress-importer/",
                "reference": "tags/0.6.3"
            },
            "dist": {
                "type": "zip",
                "url": "https://downloads.wordpress.org/plugin/wordpress-importer.0.6.3.zip",
                "reference": null,
                "shasum": null
            },
            "require": {
                "composer/installers": "~1.0"
            },
            "type": "wordpress-plugin",
            "homepage": "https://wordpress.org/plugins/wordpress-importer/"
        }
    ],
    "packages-dev": [
        {
            "name": "heroku/heroku-buildpack-php",
            "version": "dev-master",
            "source": {
                "type": "git",
                "url": "https://github.com/heroku/heroku-buildpack-php.git",
                "reference": "26ebb69005d467d45f75797c1594f60818ba3fce"
            },
            "dist": {
                "type": "zip",
                "url": "https://api.github.com/repos/heroku/heroku-buildpack-php/zipball/26ebb69005d467d45f75797c1594f60818ba3fce",
                "reference": "26ebb69005d467d45f75797c1594f60818ba3fce",
                "shasum": ""
            },
            "bin": [
                "bin/heroku-hhvm-apache2",
                "bin/heroku-hhvm-nginx",
                "bin/heroku-php-apache2",
                "bin/heroku-php-nginx"
            ],
            "type": "library",
            "notification-url": "https://packagist.org/downloads/",
            "license": [
                "MIT"
            ],
            "authors": [
                {
                    "name": "David Zuelke",
                    "email": "dz@heroku.com"
                }
            ],
            "description": "Toolkit for starting a PHP application locally, with or without foreman, using the same config for PHP/HHVM and Apache2/Nginx as on Heroku",
            "homepage": "https://github.com/heroku/heroku-buildpack-php",
            "keywords": [
                "apache",
                "apache2",
                "foreman",
                "heroku",
                "hhvm",
                "nginx",
                "php"
            ],
            "time": "2017-01-21 00:39:13"
        }
    ],
    "aliases": [],
    "minimum-stability": "dev",
    "stability-flags": {
        "heroku/heroku-buildpack-php": 20
    },
    "prefer-stable": true,
    "prefer-lowest": false,
    "platform": {
        "php": ">=5.5.0"
    },
    "platform-dev": []
}
